
Microsoft Visual Studio Solution File, Format Version 11.00
# Visual Studio 2010
Project("{FAE04EC0-301F-11D3-BF4B-00C04F79EFBC}") = "TwitterBootstrap", "TwitterBootstrap\TwitterBootstrap.csproj", "{F3DA4EED-D607-4B0E-B487-8A3B64A680D7}"
EndProject
Global
	GlobalSection(SolutionConfigurationPlatforms) = preSolution
		Debug|Any CPU = Debug|Any CPU
		Release|Any CPU = Release|Any CPU
	EndGlobalSection
	GlobalSection(ProjectConfigurationPlatforms) = postSolution
		{F3DA4EED-D607-4B0E-B487-8A3B64A680D7}.Debug|Any CPU.ActiveCfg = Debug|Any CPU
		{F3DA4EED-D607-4B0E-B487-8A3B64A680D7}.Debug|Any CPU.Build.0 = Debug|Any CPU
		{F3DA4EED-D607-4B0E-B487-8A3B64A680D7}.Release|Any CPU.ActiveCfg = Release|Any CPU
		{F3DA4EED-D607-4B0E-B487-8A3B64A680D7}.Release|Any CPU.Build.0 = Release|Any CPU
	EndGlobalSection
	GlobalSection(SolutionProperties) = preSolution
		HideSolutionNode = FALSE
	EndGlobalSection
EndGlobal
